
Microsoft Visual Studio Solution File, Format Version 12.00
# Visual Studio 15
VisualStudioVersion = 15.0.27130.2010
MinimumVisualStudioVersion = 10.0.40219.1
Project("{FAE04EC0-301F-11D3-BF4B-00C04F79EFBC}") = "CanvasDrawable", "CanvasDrawable\CanvasDrawable.csproj", "{F852137F-1F00-4FBC-B233-312F5A862A98}"
EndProject
Global
	GlobalSection(SolutionConfigurationPlatforms) = preSolution
		Debug|Any CPU = Debug|Any CPU
		Release|Any CPU = Release|Any CPU
	EndGlobalSection
	GlobalSection(ProjectConfigurationPlatforms) = postSolution
		{F852137F-1F00-4FBC-B233-312F5A862A98}.Debug|Any CPU.ActiveCfg = Debug|Any CPU
		{F852137F-1F00-4FBC-B233-312F5A862A98}.Debug|Any CPU.Build.0 = Debug|Any CPU
		{F852137F-1F00-4FBC-B233-312F5A862A98}.Debug|Any CPU.Deploy.0 = Debug|Any CPU
		{F852137F-1F00-4FBC-B233-312F5A862A98}.Release|Any CPU.ActiveCfg = Release|Any CPU
		{F852137F-1F00-4FBC-B233-312F5A862A98}.Release|Any CPU.Build.0 = Release|Any CPU
		{F852137F-1F00-4FBC-B233-312F5A862A98}.Release|Any CPU.Deploy.0 = Release|Any CPU
	EndGlobalSection
	GlobalSection(SolutionProperties) = preSolution
		HideSolutionNode = FALSE
	EndGlobalSection
	GlobalSection(ExtensibilityGlobals) = postSolution
		SolutionGuid = {79A98DAF-E298-4FAE-BFDA-8C1781A8DFBA}
	EndGlobalSection
EndGlobal
